
Microsoft Visual Studio Solution File, Format Version 12.00
Project("{FAE04EC0-301F-11D3-BF4B-00C04F79EFBC}") = "WebAPI", "WebAPI\WebAPI.csproj", "{5C04A1B4-9E2C-4DAF-8C22-E0C788ECEC24}"
EndProject
Project("{FAE04EC0-301F-11D3-BF4B-00C04F79EFBC}") = "Application", "Application\Application.csproj", "{E18B97EA-D1F3-48A1-928D-E0AF2B158524}"
EndProject
Project("{FAE04EC0-301F-11D3-BF4B-00C04F79EFBC}") = "Infrastructure", "Infrastructure\Infrastructure.csproj", "{3F1CBB62-D2BC-4EAD-899C-A9F69082C68F}"
EndProject
Project("{FAE04EC0-301F-11D3-BF4B-00C04F79EFBC}") = "Domain", "Domain\Domain.csproj", "{3454B7AD-74D1-4659-BBA4-A2EE00EDE472}"
EndProject
Project("{2150E333-8FDC-42A3-9474-1A3956D46DE8}") = "src", "src", "{3AC0C846-85F2-4060-ACCE-09382591C827}"
EndProject
Project("{2150E333-8FDC-42A3-9474-1A3956D46DE8}") = "tests", "tests", "{3BF48AB2-CB8F-47C9-86F3-2CA57820CC35}"
EndProject
Project("{FAE04EC0-301F-11D3-BF4B-00C04F79EFBC}") = "WebApi.Tests", "WebApi.Tests\WebApi.Tests.csproj", "{F25D586E-2A8C-44CB-97C4-977A0D2EA00A}"
EndProject
Project("{FAE04EC0-301F-11D3-BF4B-00C04F79EFBC}") = "Application.Tests", "Application.Tests\Application.Tests.csproj", "{7917CA22-7DB0-4851-BD5C-7706C0404336}"
EndProject
Project("{FAE04EC0-301F-11D3-BF4B-00C04F79EFBC}") = "Infrastructure.Tests", "Infrastructure.Tests\Infrastructure.Tests.csproj", "{4A14C8C3-1EAA-4BA4-AACA-AD8FAB16D4E9}"
EndProject
Global
	GlobalSection(SolutionConfigurationPlatforms) = preSolution
		Debug|Any CPU = Debug|Any CPU
		Release|Any CPU = Release|Any CPU
	EndGlobalSection
	GlobalSection(ProjectConfigurationPlatforms) = postSolution
		{5C04A1B4-9E2C-4DAF-8C22-E0C788ECEC24}.Debug|Any CPU.ActiveCfg = Debug|Any CPU
		{5C04A1B4-9E2C-4DAF-8C22-E0C788ECEC24}.Debug|Any CPU.Build.0 = Debug|Any CPU
		{5C04A1B4-9E2C-4DAF-8C22-E0C788ECEC24}.Release|Any CPU.ActiveCfg = Release|Any CPU
		{5C04A1B4-9E2C-4DAF-8C22-E0C788ECEC24}.Release|Any CPU.Build.0 = Release|Any CPU
		{E18B97EA-D1F3-48A1-928D-E0AF2B158524}.Debug|Any CPU.ActiveCfg = Debug|Any CPU
		{E18B97EA-D1F3-48A1-928D-E0AF2B158524}.Debug|Any CPU.Build.0 = Debug|Any CPU
		{E18B97EA-D1F3-48A1-928D-E0AF2B158524}.Release|Any CPU.ActiveCfg = Release|Any CPU
		{E18B97EA-D1F3-48A1-928D-E0AF2B158524}.Release|Any CPU.Build.0 = Release|Any CPU
		{3F1CBB62-D2BC-4EAD-899C-A9F69082C68F}.Debug|Any CPU.ActiveCfg = Debug|Any CPU
		{3F1CBB62-D2BC-4EAD-899C-A9F69082C68F}.Debug|Any CPU.Build.0 = Debug|Any CPU
		{3F1CBB62-D2BC-4EAD-899C-A9F69082C68F}.Release|Any CPU.ActiveCfg = Release|Any CPU
		{3F1CBB62-D2BC-4EAD-899C-A9F69082C68F}.Release|Any CPU.Build.0 = Release|Any CPU
		{3454B7AD-74D1-4659-BBA4-A2EE00EDE472}.Debug|Any CPU.ActiveCfg = Debug|Any CPU
		{3454B7AD-74D1-4659-BBA4-A2EE00EDE472}.Debug|Any CPU.Build.0 = Debug|Any CPU
		{3454B7AD-74D1-4659-BBA4-A2EE00EDE472}.Release|Any CPU.ActiveCfg = Release|Any CPU
		{3454B7AD-74D1-4659-BBA4-A2EE00EDE472}.Release|Any CPU.Build.0 = Release|Any CPU
		{F25D586E-2A8C-44CB-97C4-977A0D2EA00A}.Debug|Any CPU.ActiveCfg = Debug|Any CPU
		{F25D586E-2A8C-44CB-97C4-977A0D2EA00A}.Debug|Any CPU.Build.0 = Debug|Any CPU
		{F25D586E-2A8C-44CB-97C4-977A0D2EA00A}.Release|Any CPU.ActiveCfg = Release|Any CPU
		{F25D586E-2A8C-44CB-97C4-977A0D2EA00A}.Release|Any CPU.Build.0 = Release|Any CPU
		{7917CA22-7DB0-4851-BD5C-7706C0404336}.Debug|Any CPU.ActiveCfg = Debug|Any CPU
		{7917CA22-7DB0-4851-BD5C-7706C0404336}.Debug|Any CPU.Build.0 = Debug|Any CPU
		{7917CA22-7DB0-4851-BD5C-7706C0404336}.Release|Any CPU.ActiveCfg = Release|Any CPU
		{7917CA22-7DB0-4851-BD5C-7706C0404336}.Release|Any CPU.Build.0 = Release|Any CPU
		{4A14C8C3-1EAA-4BA4-AACA-AD8FAB16D4E9}.Debug|Any CPU.ActiveCfg = Debug|Any CPU
		{4A14C8C3-1EAA-4BA4-AACA-AD8FAB16D4E9}.Debug|Any CPU.Build.0 = Debug|Any CPU
		{4A14C8C3-1EAA-4BA4-AACA-AD8FAB16D4E9}.Release|Any CPU.ActiveCfg = Release|Any CPU
		{4A14C8C3-1EAA-4BA4-AACA-AD8FAB16D4E9}.Release|Any CPU.Build.0 = Release|Any CPU
	EndGlobalSection
	GlobalSection(NestedProjects) = preSolution
		{E18B97EA-D1F3-48A1-928D-E0AF2B158524} = {3AC0C846-85F2-4060-ACCE-09382591C827}
		{3454B7AD-74D1-4659-BBA4-A2EE00EDE472} = {3AC0C846-85F2-4060-ACCE-09382591C827}
		{3F1CBB62-D2BC-4EAD-899C-A9F69082C68F} = {3AC0C846-85F2-4060-ACCE-09382591C827}
		{5C04A1B4-9E2C-4DAF-8C22-E0C788ECEC24} = {3AC0C846-85F2-4060-ACCE-09382591C827}
		{F25D586E-2A8C-44CB-97C4-977A0D2EA00A} = {3BF48AB2-CB8F-47C9-86F3-2CA57820CC35}
		{7917CA22-7DB0-4851-BD5C-7706C0404336} = {3BF48AB2-CB8F-47C9-86F3-2CA57820CC35}
		{4A14C8C3-1EAA-4BA4-AACA-AD8FAB16D4E9} = {3BF48AB2-CB8F-47C9-86F3-2CA57820CC35}
	EndGlobalSection
EndGlobal
